
Microsoft Visual Studio Solution File, Format Version 12.00
# Visual Studio Version 16
VisualStudioVersion = 16.0.30320.27
MinimumVisualStudioVersion = 10.0.40219.1
Project("{FAE04EC0-301F-11D3-BF4B-00C04F79EFBC}") = "HW_Lecture60-2", "HW_Lecture60-2\HW_Lecture60-2.csproj", "{88A2343A-6E52-4C66-95E8-C2EBDF13F317}"
EndProject
Global
	GlobalSection(SolutionConfigurationPlatforms) = preSolution
		Debug|Any CPU = Debug|Any CPU
		Release|Any CPU = Release|Any CPU
	EndGlobalSection
	GlobalSection(ProjectConfigurationPlatforms) = postSolution
		{88A2343A-6E52-4C66-95E8-C2EBDF13F317}.Debug|Any CPU.ActiveCfg = Debug|Any CPU
		{88A2343A-6E52-4C66-95E8-C2EBDF13F317}.Debug|Any CPU.Build.0 = Debug|Any CPU
		{88A2343A-6E52-4C66-95E8-C2EBDF13F317}.Release|Any CPU.ActiveCfg = Release|Any CPU
		{88A2343A-6E52-4C66-95E8-C2EBDF13F317}.Release|Any CPU.Build.0 = Release|Any CPU
	EndGlobalSection
	GlobalSection(SolutionProperties) = preSolution
		HideSolutionNode = FALSE
	EndGlobalSection
	GlobalSection(ExtensibilityGlobals) = postSolution
		SolutionGuid = {C1DDD5F2-A551-4327-8AFB-F741131B6789}
	EndGlobalSection
EndGlobal
